// !$*UTF8*$!
{
	archiveVersion = 1;
	classes = {
	};
	objectVersion = 56;
	objects = {

/* Begin PBXBuildFile section */
		E33962342C0E42600039C7D8 /* FirebaseAuth in Frameworks */ = {isa = PBXBuildFile; productRef = E33962332C0E42600039C7D8 /* FirebaseAuth */; };
		E33962362C0E42600039C7D8 /* FirebaseFirestore in Frameworks */ = {isa = PBXBuildFile; productRef = E33962352C0E42600039C7D8 /* FirebaseFirestore */; };
		E33962382C0E42600039C7D8 /* FirebaseFirestoreSwift in Frameworks */ = {isa = PBXBuildFile; productRef = E33962372C0E42600039C7D8 /* FirebaseFirestoreSwift */; };
		E339623C2C0E4F960039C7D8 /* LogoutViewViewModel.swift in Sources */ = {isa = PBXBuildFile; fileRef = E339623B2C0E4F960039C7D8 /* LogoutViewViewModel.swift */; };
		E339623E2C0E528D0039C7D8 /* ForgotPasswordView.swift in Sources */ = {isa = PBXBuildFile; fileRef = E339623D2C0E528D0039C7D8 /* ForgotPasswordView.swift */; };
		E33962402C0E52DC0039C7D8 /* ForgotPasswordViewViewModel.swift in Sources */ = {isa = PBXBuildFile; fileRef = E339623F2C0E52DC0039C7D8 /* ForgotPasswordViewViewModel.swift */; };
		E38E60D72C092E19005C86D4 /* LoginView.swift in Sources */ = {isa = PBXBuildFile; fileRef = E38E60D62C092E19005C86D4 /* LoginView.swift */; };
		E38E60D92C092E49005C86D4 /* DailyItemsView.swift in Sources */ = {isa = PBXBuildFile; fileRef = E38E60D82C092E49005C86D4 /* DailyItemsView.swift */; };
		E38E60DB2C093D2B005C86D4 /* CalendarView.swift in Sources */ = {isa = PBXBuildFile; fileRef = E38E60DA2C093D2B005C86D4 /* CalendarView.swift */; };
		E38E60DE2C093D5B005C86D4 /* CalorieCalculatorView.swift in Sources */ = {isa = PBXBuildFile; fileRef = E38E60DD2C093D5B005C86D4 /* CalorieCalculatorView.swift */; };
		E38E60E02C093D82005C86D4 /* RegisterView.swift in Sources */ = {isa = PBXBuildFile; fileRef = E38E60DF2C093D82005C86D4 /* RegisterView.swift */; };
		E38E60E22C09418F005C86D4 /* MainViewViewModel.swift in Sources */ = {isa = PBXBuildFile; fileRef = E38E60E12C09418F005C86D4 /* MainViewViewModel.swift */; };
		E38E60E42C0941A1005C86D4 /* LoginViewViewModel.swift in Sources */ = {isa = PBXBuildFile; fileRef = E38E60E32C0941A1005C86D4 /* LoginViewViewModel.swift */; };
		E38E60E62C0941B4005C86D4 /* RegisterViewViewModel.swift in Sources */ = {isa = PBXBuildFile; fileRef = E38E60E52C0941B4005C86D4 /* RegisterViewViewModel.swift */; };
		E38E60E82C0941C5005C86D4 /* DailyItemsViewViewModel.swift in Sources */ = {isa = PBXBuildFile; fileRef = E38E60E72C0941C5005C86D4 /* DailyItemsViewViewModel.swift */; };
		E38E60EA2C0941D3005C86D4 /* CalendarViewViewModel.swift in Sources */ = {isa = PBXBuildFile; fileRef = E38E60E92C0941D3005C86D4 /* CalendarViewViewModel.swift */; };
		E38E60EC2C0941E6005C86D4 /* CalorieCalculatorViewViewModel.swift in Sources */ = {isa = PBXBuildFile; fileRef = E38E60EB2C0941E6005C86D4 /* CalorieCalculatorViewViewModel.swift */; };
		E38E60EE2C0941FA005C86D4 /* User.swift in Sources */ = {isa = PBXBuildFile; fileRef = E38E60ED2C0941FA005C86D4 /* User.swift */; };
		E38E60F02C09422E005C86D4 /* DailyItem.swift in Sources */ = {isa = PBXBuildFile; fileRef = E38E60EF2C09422E005C86D4 /* DailyItem.swift */; };
		E38E60F22C0942B9005C86D4 /* HomeViewViewModel.swift in Sources */ = {isa = PBXBuildFile; fileRef = E38E60F12C0942B9005C86D4 /* HomeViewViewModel.swift */; };
		E38E60F42C0942C3005C86D4 /* HomeView.swift in Sources */ = {isa = PBXBuildFile; fileRef = E38E60F32C0942C3005C86D4 /* HomeView.swift */; };
		E38E60F62C0945F8005C86D4 /* HeaderView.swift in Sources */ = {isa = PBXBuildFile; fileRef = E38E60F52C0945F8005C86D4 /* HeaderView.swift */; };
		E38E60F82C095214005C86D4 /* FNButton.swift in Sources */ = {isa = PBXBuildFile; fileRef = E38E60F72C095214005C86D4 /* FNButton.swift */; };
		E38E60FA2C09832E005C86D4 /* Extensions.swift in Sources */ = {isa = PBXBuildFile; fileRef = E38E60F92C09832E005C86D4 /* Extensions.swift */; };
		E3F056D12C092905004CA49A /* FitnextApp.swift in Sources */ = {isa = PBXBuildFile; fileRef = E3F056D02C092905004CA49A /* FitnextApp.swift */; };
		E3F056D32C092905004CA49A /* MainView.swift in Sources */ = {isa = PBXBuildFile; fileRef = E3F056D22C092905004CA49A /* MainView.swift */; };
		E3F056D52C092907004CA49A /* Assets.xcassets in Resources */ = {isa = PBXBuildFile; fileRef = E3F056D42C092907004CA49A /* Assets.xcassets */; };
		E3F056D82C092907004CA49A /* Preview Assets.xcassets in Resources */ = {isa = PBXBuildFile; fileRef = E3F056D72C092907004CA49A /* Preview Assets.xcassets */; };
		E3F056E92C092A90004CA49A /* GoogleService-Info.plist in Resources */ = {isa = PBXBuildFile; fileRef = E3F056E82C092A90004CA49A /* GoogleService-Info.plist */; };
/* End PBXBuildFile section */

/* Begin PBXFileReference section */
		E339623B2C0E4F960039C7D8 /* LogoutViewViewModel.swift */ = {isa = PBXFileReference; lastKnownFileType = sourcecode.swift; path = LogoutViewViewModel.swift; sourceTree = "<group>"; };
		E339623D2C0E528D0039C7D8 /* ForgotPasswordView.swift */ = {isa = PBXFileReference; lastKnownFileType = sourcecode.swift; path = ForgotPasswordView.swift; sourceTree = "<group>"; };
		E339623F2C0E52DC0039C7D8 /* ForgotPasswordViewViewModel.swift */ = {isa = PBXFileReference; lastKnownFileType = sourcecode.swift; path = ForgotPasswordViewViewModel.swift; sourceTree = "<group>"; };
		E38E60D62C092E19005C86D4 /* LoginView.swift */ = {isa = PBXFileReference; lastKnownFileType = sourcecode.swift; path = LoginView.swift; sourceTree = "<group>"; };
		E38E60D82C092E49005C86D4 /* DailyItemsView.swift */ = {isa = PBXFileReference; lastKnownFileType = sourcecode.swift; path = DailyItemsView.swift; sourceTree = "<group>"; };
		E38E60DA2C093D2B005C86D4 /* CalendarView.swift */ = {isa = PBXFileReference; lastKnownFileType = sourcecode.swift; path = CalendarView.swift; sourceTree = "<group>"; };
		E38E60DD2C093D5B005C86D4 /* CalorieCalculatorView.swift */ = {isa = PBXFileReference; lastKnownFileType = sourcecode.swift; path = CalorieCalculatorView.swift; sourceTree = "<group>"; };
		E38E60DF2C093D82005C86D4 /* RegisterView.swift */ = {isa = PBXFileReference; lastKnownFileType = sourcecode.swift; path = RegisterView.swift; sourceTree = "<group>"; };
		E38E60E12C09418F005C86D4 /* MainViewViewModel.swift */ = {isa = PBXFileReference; lastKnownFileType = sourcecode.swift; path = MainViewViewModel.swift; sourceTree = "<group>"; };
		E38E60E32C0941A1005C86D4 /* LoginViewViewModel.swift */ = {isa = PBXFileReference; lastKnownFileType = sourcecode.swift; path = LoginViewViewModel.swift; sourceTree = "<group>"; };
		E38E60E52C0941B4005C86D4 /* RegisterViewViewModel.swift */ = {isa = PBXFileReference; lastKnownFileType = sourcecode.swift; path = RegisterViewViewModel.swift; sourceTree = "<group>"; };
		E38E60E72C0941C5005C86D4 /* DailyItemsViewViewModel.swift */ = {isa = PBXFileReference; lastKnownFileType = sourcecode.swift; path = DailyItemsViewViewModel.swift; sourceTree = "<group>"; };
		E38E60E92C0941D3005C86D4 /* CalendarViewViewModel.swift */ = {isa = PBXFileReference; lastKnownFileType = sourcecode.swift; path = CalendarViewViewModel.swift; sourceTree = "<group>"; };
		E38E60EB2C0941E6005C86D4 /* CalorieCalculatorViewViewModel.swift */ = {isa = PBXFileReference; lastKnownFileType = sourcecode.swift; path = CalorieCalculatorViewViewModel.swift; sourceTree = "<group>"; };
		E38E60ED2C0941FA005C86D4 /* User.swift */ = {isa = PBXFileReference; lastKnownFileType = sourcecode.swift; path = User.swift; sourceTree = "<group>"; };
		E38E60EF2C09422E005C86D4 /* DailyItem.swift */ = {isa = PBXFileReference; lastKnownFileType = sourcecode.swift; path = DailyItem.swift; sourceTree = "<group>"; };
		E38E60F12C0942B9005C86D4 /* HomeViewViewModel.swift */ = {isa = PBXFileReference; lastKnownFileType = sourcecode.swift; path = HomeViewViewModel.swift; sourceTree = "<group>"; };
		E38E60F32C0942C3005C86D4 /* HomeView.swift */ = {isa = PBXFileReference; lastKnownFileType = sourcecode.swift; path = HomeView.swift; sourceTree = "<group>"; };
		E38E60F52C0945F8005C86D4 /* HeaderView.swift */ = {isa = PBXFileReference; lastKnownFileType = sourcecode.swift; path = HeaderView.swift; sourceTree = "<group>"; };
		E38E60F72C095214005C86D4 /* FNButton.swift */ = {isa = PBXFileReference; lastKnownFileType = sourcecode.swift; path = FNButton.swift; sourceTree = "<group>"; };
		E38E60F92C09832E005C86D4 /* Extensions.swift */ = {isa = PBXFileReference; lastKnownFileType = sourcecode.swift; path = Extensions.swift; sourceTree = "<group>"; };
		E3F056CD2C092905004CA49A /* Fitnext.app */ = {isa = PBXFileReference; explicitFileType = wrapper.application; includeInIndex = 0; path = Fitnext.app; sourceTree = BUILT_PRODUCTS_DIR; };
		E3F056D02C092905004CA49A /* FitnextApp.swift */ = {isa = PBXFileReference; lastKnownFileType = sourcecode.swift; path = FitnextApp.swift; sourceTree = "<group>"; };
		E3F056D22C092905004CA49A /* MainView.swift */ = {isa = PBXFileReference; lastKnownFileType = sourcecode.swift; path = MainView.swift; sourceTree = "<group>"; };
		E3F056D42C092907004CA49A /* Assets.xcassets */ = {isa = PBXFileReference; lastKnownFileType = folder.assetcatalog; path = Assets.xcassets; sourceTree = "<group>"; };
		E3F056D72C092907004CA49A /* Preview Assets.xcassets */ = {isa = PBXFileReference; lastKnownFileType = folder.assetcatalog; path = "Preview Assets.xcassets"; sourceTree = "<group>"; };
		E3F056E82C092A90004CA49A /* GoogleService-Info.plist */ = {isa = PBXFileReference; fileEncoding = 4; lastKnownFileType = text.plist.xml; path = "GoogleService-Info.plist"; sourceTree = "<group>"; };
/* End PBXFileReference section */

/* Begin PBXFrameworksBuildPhase section */
		E3F056CA2C092905004CA49A /* Frameworks */ = {
			isa = PBXFrameworksBuildPhase;
			buildActionMask = 2147483647;
			files = (
				E33962342C0E42600039C7D8 /* FirebaseAuth in Frameworks */,
				E33962362C0E42600039C7D8 /* FirebaseFirestore in Frameworks */,
				E33962382C0E42600039C7D8 /* FirebaseFirestoreSwift in Frameworks */,
			);
			runOnlyForDeploymentPostprocessing = 0;
		};
/* End PBXFrameworksBuildPhase section */

/* Begin PBXGroup section */
		E3F056C42C092905004CA49A = {
			isa = PBXGroup;
			children = (
				E3F056CF2C092905004CA49A /* Fitnext */,
				E3F056CE2C092905004CA49A /* Products */,
			);
			sourceTree = "<group>";
		};
		E3F056CE2C092905004CA49A /* Products */ = {
			isa = PBXGroup;
			children = (
				E3F056CD2C092905004CA49A /* Fitnext.app */,
			);
			name = Products;
			sourceTree = "<group>";
		};
		E3F056CF2C092905004CA49A /* Fitnext */ = {
			isa = PBXGroup;
			children = (
				E3F056EC2C092AB6004CA49A /* Other */,
				E3F056EB2C092AAE004CA49A /* Models */,
				E3F056EA2C092AA6004CA49A /* ViewModels */,
				E3F056DE2C09290E004CA49A /* Views */,
				E3F056D62C092907004CA49A /* Preview Content */,
			);
			path = Fitnext;
			sourceTree = "<group>";
		};
		E3F056D62C092907004CA49A /* Preview Content */ = {
			isa = PBXGroup;
			children = (
				E3F056D72C092907004CA49A /* Preview Assets.xcassets */,
			);
			path = "Preview Content";
			sourceTree = "<group>";
		};
		E3F056DE2C09290E004CA49A /* Views */ = {
			isa = PBXGroup;
			children = (
				E3F056D22C092905004CA49A /* MainView.swift */,
				E38E60D62C092E19005C86D4 /* LoginView.swift */,
				E38E60DF2C093D82005C86D4 /* RegisterView.swift */,
				E38E60D82C092E49005C86D4 /* DailyItemsView.swift */,
				E38E60DA2C093D2B005C86D4 /* CalendarView.swift */,
				E38E60DD2C093D5B005C86D4 /* CalorieCalculatorView.swift */,
				E38E60F32C0942C3005C86D4 /* HomeView.swift */,
				E38E60F52C0945F8005C86D4 /* HeaderView.swift */,
				E38E60F72C095214005C86D4 /* FNButton.swift */,
				E339623D2C0E528D0039C7D8 /* ForgotPasswordView.swift */,
			);
			path = Views;
			sourceTree = "<group>";
		};
		E3F056EA2C092AA6004CA49A /* ViewModels */ = {
			isa = PBXGroup;
			children = (
				E38E60E12C09418F005C86D4 /* MainViewViewModel.swift */,
				E38E60E32C0941A1005C86D4 /* LoginViewViewModel.swift */,
				E38E60E52C0941B4005C86D4 /* RegisterViewViewModel.swift */,
				E38E60E72C0941C5005C86D4 /* DailyItemsViewViewModel.swift */,
				E38E60E92C0941D3005C86D4 /* CalendarViewViewModel.swift */,
				E38E60EB2C0941E6005C86D4 /* CalorieCalculatorViewViewModel.swift */,
				E38E60F12C0942B9005C86D4 /* HomeViewViewModel.swift */,
				E339623B2C0E4F960039C7D8 /* LogoutViewViewModel.swift */,
				E339623F2C0E52DC0039C7D8 /* ForgotPasswordViewViewModel.swift */,
			);
			path = ViewModels;
			sourceTree = "<group>";
		};
		E3F056EB2C092AAE004CA49A /* Models */ = {
			isa = PBXGroup;
			children = (
				E38E60ED2C0941FA005C86D4 /* User.swift */,
				E38E60EF2C09422E005C86D4 /* DailyItem.swift */,
			);
			path = Models;
			sourceTree = "<group>";
		};
		E3F056EC2C092AB6004CA49A /* Other */ = {
			isa = PBXGroup;
			children = (
				E3F056D02C092905004CA49A /* FitnextApp.swift */,
				E3F056D42C092907004CA49A /* Assets.xcassets */,
				E3F056E82C092A90004CA49A /* GoogleService-Info.plist */,
				E38E60F92C09832E005C86D4 /* Extensions.swift */,
			);
			path = Other;
			sourceTree = "<group>";
		};
/* End PBXGroup section */

/* Begin PBXNativeTarget section */
		E3F056CC2C092905004CA49A /* Fitnext */ = {
			isa = PBXNativeTarget;
			buildConfigurationList = E3F056DB2C092907004CA49A /* Build configuration list for PBXNativeTarget "Fitnext" */;
			buildPhases = (
				E3F056C92C092905004CA49A /* Sources */,
				E3F056CA2C092905004CA49A /* Frameworks */,
				E3F056CB2C092905004CA49A /* Resources */,
			);
			buildRules = (
			);
			dependencies = (
			);
			name = Fitnext;
			packageProductDependencies = (
				E33962332C0E42600039C7D8 /* FirebaseAuth */,
				E33962352C0E42600039C7D8 /* FirebaseFirestore */,
				E33962372C0E42600039C7D8 /* FirebaseFirestoreSwift */,
			);
			productName = Fitnext;
			productReference = E3F056CD2C092905004CA49A /* Fitnext.app */;
			productType = "com.apple.product-type.application";
		};
/* End PBXNativeTarget section */

/* Begin PBXProject section */
		E3F056C52C092905004CA49A /* Project object */ = {
			isa = PBXProject;
			attributes = {
				BuildIndependentTargetsInParallel = 1;
				LastSwiftUpdateCheck = 1530;
				LastUpgradeCheck = 1530;
				TargetAttributes = {
					E3F056CC2C092905004CA49A = {
						CreatedOnToolsVersion = 15.3;
					};
				};
			};
			buildConfigurationList = E3F056C82C092905004CA49A /* Build configuration list for PBXProject "Fitnext" */;
			compatibilityVersion = "Xcode 14.0";
			developmentRegion = en;
			hasScannedForEncodings = 0;
			knownRegions = (
				en,
				Base,
			);
			mainGroup = E3F056C42C092905004CA49A;
			packageReferences = (
				E33962322C0E42600039C7D8 /* XCRemoteSwiftPackageReference "firebase-ios-sdk" */,
			);
			productRefGroup = E3F056CE2C092905004CA49A /* Products */;
			projectDirPath = "";
			projectRoot = "";
			targets = (
				E3F056CC2C092905004CA49A /* Fitnext */,
			);
		};
/* End PBXProject section */

/* Begin PBXResourcesBuildPhase section */
		E3F056CB2C092905004CA49A /* Resources */ = {
			isa = PBXResourcesBuildPhase;
			buildActionMask = 2147483647;
			files = (
				E3F056D82C092907004CA49A /* Preview Assets.xcassets in Resources */,
				E3F056E92C092A90004CA49A /* GoogleService-Info.plist in Resources */,
				E3F056D52C092907004CA49A /* Assets.xcassets in Resources */,
			);
			runOnlyForDeploymentPostprocessing = 0;
		};
/* End PBXResourcesBuildPhase section */

/* Begin PBXSourcesBuildPhase section */
		E3F056C92C092905004CA49A /* Sources */ = {
			isa = PBXSourcesBuildPhase;
			buildActionMask = 2147483647;
			files = (
				E38E60E62C0941B4005C86D4 /* RegisterViewViewModel.swift in Sources */,
				E38E60F62C0945F8005C86D4 /* HeaderView.swift in Sources */,
				E38E60DE2C093D5B005C86D4 /* CalorieCalculatorView.swift in Sources */,
				E339623C2C0E4F960039C7D8 /* LogoutViewViewModel.swift in Sources */,
				E38E60F22C0942B9005C86D4 /* HomeViewViewModel.swift in Sources */,
				E38E60DB2C093D2B005C86D4 /* CalendarView.swift in Sources */,
				E38E60EA2C0941D3005C86D4 /* CalendarViewViewModel.swift in Sources */,
				E38E60F42C0942C3005C86D4 /* HomeView.swift in Sources */,
				E38E60D92C092E49005C86D4 /* DailyItemsView.swift in Sources */,
				E38E60E02C093D82005C86D4 /* RegisterView.swift in Sources */,
				E33962402C0E52DC0039C7D8 /* ForgotPasswordViewViewModel.swift in Sources */,
				E38E60EE2C0941FA005C86D4 /* User.swift in Sources */,
				E38E60E42C0941A1005C86D4 /* LoginViewViewModel.swift in Sources */,
				E339623E2C0E528D0039C7D8 /* ForgotPasswordView.swift in Sources */,
				E38E60D72C092E19005C86D4 /* LoginView.swift in Sources */,
				E38E60EC2C0941E6005C86D4 /* CalorieCalculatorViewViewModel.swift in Sources */,
				E3F056D32C092905004CA49A /* MainView.swift in Sources */,
				E38E60F02C09422E005C86D4 /* DailyItem.swift in Sources */,
				E38E60FA2C09832E005C86D4 /* Extensions.swift in Sources */,
				E38E60F82C095214005C86D4 /* FNButton.swift in Sources */,
				E38E60E22C09418F005C86D4 /* MainViewViewModel.swift in Sources */,
				E3F056D12C092905004CA49A /* FitnextApp.swift in Sources */,
				E38E60E82C0941C5005C86D4 /* DailyItemsViewViewModel.swift in Sources */,
			);
			runOnlyForDeploymentPostprocessing = 0;
		};
/* End PBXSourcesBuildPhase section */

/* Begin XCBuildConfiguration section */
		E3F056D92C092907004CA49A /* Debug */ = {
			isa = XCBuildConfiguration;
			buildSettings = {
				ALWAYS_SEARCH_USER_PATHS = NO;
				ASSETCATALOG_COMPILER_GENERATE_SWIFT_ASSET_SYMBOL_EXTENSIONS = YES;
				CLANG_ANALYZER_NONNULL = YES;
				CLANG_ANALYZER_NUMBER_OBJECT_CONVERSION = YES_AGGRESSIVE;
				CLANG_CXX_LANGUAGE_STANDARD = "gnu++20";
				CLANG_ENABLE_MODULES = YES;
				CLANG_ENABLE_OBJC_ARC = YES;
				CLANG_ENABLE_OBJC_WEAK = YES;
				CLANG_WARN_BLOCK_CAPTURE_AUTORELEASING = YES;
				CLANG_WARN_BOOL_CONVERSION = YES;
				CLANG_WARN_COMMA = YES;
				CLANG_WARN_CONSTANT_CONVERSION = YES;
				CLANG_WARN_DEPRECATED_OBJC_IMPLEMENTATIONS = YES;
				CLANG_WARN_DIRECT_OBJC_ISA_USAGE = YES_ERROR;
				CLANG_WARN_DOCUMENTATION_COMMENTS = YES;
				CLANG_WARN_EMPTY_BODY = YES;
				CLANG_WARN_ENUM_CONVERSION = YES;
				CLANG_WARN_INFINITE_RECURSION = YES;
				CLANG_WARN_INT_CONVERSION = YES;
				CLANG_WARN_NON_LITERAL_NULL_CONVERSION = YES;
				CLANG_WARN_OBJC_IMPLICIT_RETAIN_SELF = YES;
				CLANG_WARN_OBJC_LITERAL_CONVERSION = YES;
				CLANG_WARN_OBJC_ROOT_CLASS = YES_ERROR;
				CLANG_WARN_QUOTED_INCLUDE_IN_FRAMEWORK_HEADER = YES;
				CLANG_WARN_RANGE_LOOP_ANALYSIS = YES;
				CLANG_WARN_STRICT_PROTOTYPES = YES;
				CLANG_WARN_SUSPICIOUS_MOVE = YES;
				CLANG_WARN_UNGUARDED_AVAILABILITY = YES_AGGRESSIVE;
				CLANG_WARN_UNREACHABLE_CODE = YES;
				CLANG_WARN__DUPLICATE_METHOD_MATCH = YES;
				COPY_PHASE_STRIP = NO;
				DEBUG_INFORMATION_FORMAT = dwarf;
				ENABLE_STRICT_OBJC_MSGSEND = YES;
				ENABLE_TESTABILITY = YES;
				ENABLE_USER_SCRIPT_SANDBOXING = YES;
				GCC_C_LANGUAGE_STANDARD = gnu17;
				GCC_DYNAMIC_NO_PIC = NO;
				GCC_NO_COMMON_BLOCKS = YES;
				GCC_OPTIMIZATION_LEVEL = 0;
				GCC_PREPROCESSOR_DEFINITIONS = (
					"DEBUG=1",
					"$(inherited)",
				);
				GCC_WARN_64_TO_32_BIT_CONVERSION = YES;
				GCC_WARN_ABOUT_RETURN_TYPE = YES_ERROR;
				GCC_WARN_UNDECLARED_SELECTOR = YES;
				GCC_WARN_UNINITIALIZED_AUTOS = YES_AGGRESSIVE;
				GCC_WARN_UNUSED_FUNCTION = YES;
				GCC_WARN_UNUSED_VARIABLE = YES;
				IPHONEOS_DEPLOYMENT_TARGET = 17.4;
				LOCALIZATION_PREFERS_STRING_CATALOGS = YES;
				MTL_ENABLE_DEBUG_INFO = INCLUDE_SOURCE;
				MTL_FAST_MATH = YES;
				ONLY_ACTIVE_ARCH = YES;
				SDKROOT = iphoneos;
				SWIFT_ACTIVE_COMPILATION_CONDITIONS = "DEBUG $(inherited)";
				SWIFT_OPTIMIZATION_LEVEL = "-Onone";
				"SWIFT_OPTIMIZATION_LEVEL[arch=*]" = "-Onone";
			};
			name = Debug;
		};
		E3F056DA2C092907004CA49A /* Release */ = {
			isa = XCBuildConfiguration;
			buildSettings = {
				ALWAYS_SEARCH_USER_PATHS = NO;
				ASSETCATALOG_COMPILER_GENERATE_SWIFT_ASSET_SYMBOL_EXTENSIONS = YES;
				CLANG_ANALYZER_NONNULL = YES;
				CLANG_ANALYZER_NUMBER_OBJECT_CONVERSION = YES_AGGRESSIVE;
				CLANG_CXX_LANGUAGE_STANDARD = "gnu++20";
				CLANG_ENABLE_MODULES = YES;
				CLANG_ENABLE_OBJC_ARC = YES;
				CLANG_ENABLE_OBJC_WEAK = YES;
				CLANG_WARN_BLOCK_CAPTURE_AUTORELEASING = YES;
				CLANG_WARN_BOOL_CONVERSION = YES;
				CLANG_WARN_COMMA = YES;
				CLANG_WARN_CONSTANT_CONVERSION = YES;
				CLANG_WARN_DEPRECATED_OBJC_IMPLEMENTATIONS = YES;
				CLANG_WARN_DIRECT_OBJC_ISA_USAGE = YES_ERROR;
				CLANG_WARN_DOCUMENTATION_COMMENTS = YES;
				CLANG_WARN_EMPTY_BODY = YES;
				CLANG_WARN_ENUM_CONVERSION = YES;
				CLANG_WARN_INFINITE_RECURSION = YES;
				CLANG_WARN_INT_CONVERSION = YES;
				CLANG_WARN_NON_LITERAL_NULL_CONVERSION = YES;
				CLANG_WARN_OBJC_IMPLICIT_RETAIN_SELF = YES;
				CLANG_WARN_OBJC_LITERAL_CONVERSION = YES;
				CLANG_WARN_OBJC_ROOT_CLASS = YES_ERROR;
				CLANG_WARN_QUOTED_INCLUDE_IN_FRAMEWORK_HEADER = YES;
				CLANG_WARN_RANGE_LOOP_ANALYSIS = YES;
				CLANG_WARN_STRICT_PROTOTYPES = YES;
				CLANG_WARN_SUSPICIOUS_MOVE = YES;
				CLANG_WARN_UNGUARDED_AVAILABILITY = YES_AGGRESSIVE;
				CLANG_WARN_UNREACHABLE_CODE = YES;
				CLANG_WARN__DUPLICATE_METHOD_MATCH = YES;
				COPY_PHASE_STRIP = NO;
				DEBUG_INFORMATION_FORMAT = "dwarf-with-dsym";
				ENABLE_NS_ASSERTIONS = NO;
				ENABLE_STRICT_OBJC_MSGSEND = YES;
				ENABLE_USER_SCRIPT_SANDBOXING = YES;
				GCC_C_LANGUAGE_STANDARD = gnu17;
				GCC_NO_COMMON_BLOCKS = YES;
				GCC_WARN_64_TO_32_BIT_CONVERSION = YES;
				GCC_WARN_ABOUT_RETURN_TYPE = YES_ERROR;
				GCC_WARN_UNDECLARED_SELECTOR = YES;
				GCC_WARN_UNINITIALIZED_AUTOS = YES_AGGRESSIVE;
				GCC_WARN_UNUSED_FUNCTION = YES;
				GCC_WARN_UNUSED_VARIABLE = YES;
				IPHONEOS_DEPLOYMENT_TARGET = 17.4;
				LOCALIZATION_PREFERS_STRING_CATALOGS = YES;
				MTL_ENABLE_DEBUG_INFO = NO;
				MTL_FAST_MATH = YES;
				SDKROOT = iphoneos;
				SWIFT_COMPILATION_MODE = wholemodule;
				SWIFT_OPTIMIZATION_LEVEL = "-Onone";
				VALIDATE_PRODUCT = YES;
			};
			name = Release;
		};
		E3F056DC2C092907004CA49A /* Debug */ = {
			isa = XCBuildConfiguration;
			buildSettings = {
				ASSETCATALOG_COMPILER_APPICON_NAME = AppIcon;
				ASSETCATALOG_COMPILER_GLOBAL_ACCENT_COLOR_NAME = AccentColor;
				CODE_SIGN_STYLE = Automatic;
				CURRENT_PROJECT_VERSION = 1;
				DEVELOPMENT_ASSET_PATHS = "\"Fitnext/Preview Content\"";
				DEVELOPMENT_TEAM = 8F3GH3T277;
				ENABLE_PREVIEWS = YES;
				GENERATE_INFOPLIST_FILE = YES;
				INFOPLIST_KEY_UIApplicationSceneManifest_Generation = YES;
				INFOPLIST_KEY_UIApplicationSupportsIndirectInputEvents = YES;
				INFOPLIST_KEY_UILaunchScreen_Generation = YES;
				INFOPLIST_KEY_UISupportedInterfaceOrientations_iPad = "UIInterfaceOrientationPortrait UIInterfaceOrientationPortraitUpsideDown UIInterfaceOrientationLandscapeLeft UIInterfaceOrientationLandscapeRight";
				INFOPLIST_KEY_UISupportedInterfaceOrientations_iPhone = "UIInterfaceOrientationPortrait UIInterfaceOrientationLandscapeLeft UIInterfaceOrientationLandscapeRight";
				LD_RUNPATH_SEARCH_PATHS = (
					"$(inherited)",
					"@executable_path/Frameworks",
				);
				MARKETING_VERSION = 1.0;
				PRODUCT_BUNDLE_IDENTIFIER = com.connetapplications.Fitnext;
				PRODUCT_NAME = "$(TARGET_NAME)";
				SWIFT_EMIT_LOC_STRINGS = YES;
				SWIFT_VERSION = 5.0;
				TARGETED_DEVICE_FAMILY = "1,2";
			};
			name = Debug;
		};
		E3F056DD2C092907004CA49A /* Release */ = {
			isa = XCBuildConfiguration;
			buildSettings = {
				ASSETCATALOG_COMPILER_APPICON_NAME = AppIcon;
				ASSETCATALOG_COMPILER_GLOBAL_ACCENT_COLOR_NAME = AccentColor;
				CODE_SIGN_STYLE = Automatic;
				CURRENT_PROJECT_VERSION = 1;
				DEVELOPMENT_ASSET_PATHS = "\"Fitnext/Preview Content\"";
				DEVELOPMENT_TEAM = 8F3GH3T277;
				ENABLE_PREVIEWS = YES;
				GENERATE_INFOPLIST_FILE = YES;
				INFOPLIST_KEY_UIApplicationSceneManifest_Generation = YES;
				INFOPLIST_KEY_UIApplicationSupportsIndirectInputEvents = YES;
				INFOPLIST_KEY_UILaunchScreen_Generation = YES;
				INFOPLIST_KEY_UISupportedInterfaceOrientations_iPad = "UIInterfaceOrientationPortrait UIInterfaceOrientationPortraitUpsideDown UIInterfaceOrientationLandscapeLeft UIInterfaceOrientationLandscapeRight";
				INFOPLIST_KEY_UISupportedInterfaceOrientations_iPhone = "UIInterfaceOrientationPortrait UIInterfaceOrientationLandscapeLeft UIInterfaceOrientationLandscapeRight";
				LD_RUNPATH_SEARCH_PATHS = (
					"$(inherited)",
					"@executable_path/Frameworks",
				);
				MARKETING_VERSION = 1.0;
				PRODUCT_BUNDLE_IDENTIFIER = com.connetapplications.Fitnext;
				PRODUCT_NAME = "$(TARGET_NAME)";
				SWIFT_EMIT_LOC_STRINGS = YES;
				SWIFT_VERSION = 5.0;
				TARGETED_DEVICE_FAMILY = "1,2";
			};
			name = Release;
		};
/* End XCBuildConfiguration section */

/* Begin XCConfigurationList section */
		E3F056C82C092905004CA49A /* Build configuration list for PBXProject "Fitnext" */ = {
			isa = XCConfigurationList;
			buildConfigurations = (
				E3F056D92C092907004CA49A /* Debug */,
				E3F056DA2C092907004CA49A /* Release */,
			);
			defaultConfigurationIsVisible = 0;
			defaultConfigurationName = Debug;
		};
		E3F056DB2C092907004CA49A /* Build configuration list for PBXNativeTarget "Fitnext" */ = {
			isa = XCConfigurationList;
			buildConfigurations = (
				E3F056DC2C092907004CA49A /* Debug */,
				E3F056DD2C092907004CA49A /* Release */,
			);
			defaultConfigurationIsVisible = 0;
			defaultConfigurationName = Debug;
		};
/* End XCConfigurationList section */

/* Begin XCRemoteSwiftPackageReference section */
		E33962322C0E42600039C7D8 /* XCRemoteSwiftPackageReference "firebase-ios-sdk" */ = {
			isa = XCRemoteSwiftPackageReference;
			repositoryURL = "https://github.com/firebase/firebase-ios-sdk";
			requirement = {
				kind = upToNextMajorVersion;
				minimumVersion = 10.27.0;
			};
		};
/* End XCRemoteSwiftPackageReference section */

/* Begin XCSwiftPackageProductDependency section */
		E33962332C0E42600039C7D8 /* FirebaseAuth */ = {
			isa = XCSwiftPackageProductDependency;
			package = E33962322C0E42600039C7D8 /* XCRemoteSwiftPackageReference "firebase-ios-sdk" */;
			productName = FirebaseAuth;
		};
		E33962352C0E42600039C7D8 /* FirebaseFirestore */ = {
			isa = XCSwiftPackageProductDependency;
			package = E33962322C0E42600039C7D8 /* XCRemoteSwiftPackageReference "firebase-ios-sdk" */;
			productName = FirebaseFirestore;
		};
		E33962372C0E42600039C7D8 /* FirebaseFirestoreSwift */ = {
			isa = XCSwiftPackageProductDependency;
			package = E33962322C0E42600039C7D8 /* XCRemoteSwiftPackageReference "firebase-ios-sdk" */;
			productName = FirebaseFirestoreSwift;
		};
/* End XCSwiftPackageProductDependency section */
	};
	rootObject = E3F056C52C092905004CA49A /* Project object */;
}
